// !$*UTF8*$!
{
	archiveVersion = 1;
	classes = {
	};
	objectVersion = 46;
	objects = {

/* Begin PBXBuildFile section */
		C95250E21D9C00BE00B406F0 /* main.m in Sources */ = {isa = PBXBuildFile; fileRef = C95250E11D9C00BE00B406F0 /* main.m */; };
		C95250E51D9C00BE00B406F0 /* AppDelegate.m in Sources */ = {isa = PBXBuildFile; fileRef = C95250E41D9C00BE00B406F0 /* AppDelegate.m */; };
		C95250E81D9C00BE00B406F0 /* ViewController.m in Sources */ = {isa = PBXBuildFile; fileRef = C95250E71D9C00BE00B406F0 /* ViewController.m */; };
		C95250EB1D9C00BE00B406F0 /* Main.storyboard in Resources */ = {isa = PBXBuildFile; fileRef = C95250E91D9C00BE00B406F0 /* Main.storyboard */; };
		C95250ED1D9C00BE00B406F0 /* Assets.xcassets in Resources */ = {isa = PBXBuildFile; fileRef = C95250EC1D9C00BE00B406F0 /* Assets.xcassets */; };
		C95250F01D9C00BE00B406F0 /* LaunchScreen.storyboard in Resources */ = {isa = PBXBuildFile; fileRef = C95250EE1D9C00BE00B406F0 /* LaunchScreen.storyboard */; };
		C95250FB1D9C00BE00B406F0 /* ZYTagViewDemoTests.m in Sources */ = {isa = PBXBuildFile; fileRef = C95250FA1D9C00BE00B406F0 /* ZYTagViewDemoTests.m */; };
		C95251061D9C00BE00B406F0 /* ZYTagViewDemoUITests.m in Sources */ = {isa = PBXBuildFile; fileRef = C95251051D9C00BE00B406F0 /* ZYTagViewDemoUITests.m */; };
		C952511A1D9C014900B406F0 /* UIImageView+Tag.m in Sources */ = {isa = PBXBuildFile; fileRef = C95251151D9C014900B406F0 /* UIImageView+Tag.m */; };
		C952511B1D9C014900B406F0 /* ZYTagInfo.m in Sources */ = {isa = PBXBuildFile; fileRef = C95251171D9C014900B406F0 /* ZYTagInfo.m */; };
		C952511C1D9C014900B406F0 /* ZYTagView.m in Sources */ = {isa = PBXBuildFile; fileRef = C95251191D9C014900B406F0 /* ZYTagView.m */; };
		C952511F1D9C01EC00B406F0 /* X@2x.png in Resources */ = {isa = PBXBuildFile; fileRef = C952511D1D9C01EC00B406F0 /* X@2x.png */; };
		C95251201D9C01EC00B406F0 /* X@3x.png in Resources */ = {isa = PBXBuildFile; fileRef = C952511E1D9C01EC00B406F0 /* X@3x.png */; };
		C95251231D9C021100B406F0 /* UIView+zy_Frame.m in Sources */ = {isa = PBXBuildFile; fileRef = C95251221D9C021100B406F0 /* UIView+zy_Frame.m */; };
		C98727781DA121E20071B1C7 /* fan.png in Resources */ = {isa = PBXBuildFile; fileRef = C98727771DA121E20071B1C7 /* fan.png */; };
/* End PBXBuildFile section */

/* Begin PBXContainerItemProxy section */
		C95250F71D9C00BE00B406F0 /* PBXContainerItemProxy */ = {
			isa = PBXContainerItemProxy;
			containerPortal = C95250D51D9C00BE00B406F0 /* Project object */;
			proxyType = 1;
			remoteGlobalIDString = C95250DC1D9C00BE00B406F0;
			remoteInfo = ZYTagViewDemo;
		};
		C95251021D9C00BE00B406F0 /* PBXContainerItemProxy */ = {
			isa = PBXContainerItemProxy;
			containerPortal = C95250D51D9C00BE00B406F0 /* Project object */;
			proxyType = 1;
			remoteGlobalIDString = C95250DC1D9C00BE00B406F0;
			remoteInfo = ZYTagViewDemo;
		};
/* End PBXContainerItemProxy section */

/* Begin PBXFileReference section */
		C95250DD1D9C00BE00B406F0 /* ZYTagViewDemo.app */ = {isa = PBXFileReference; explicitFileType = wrapper.application; includeInIndex = 0; path = ZYTagViewDemo.app; sourceTree = BUILT_PRODUCTS_DIR; };
		C95250E11D9C00BE00B406F0 /* main.m */ = {isa = PBXFileReference; lastKnownFileType = sourcecode.c.objc; path = main.m; sourceTree = "<group>"; };
		C95250E31D9C00BE00B406F0 /* AppDelegate.h */ = {isa = PBXFileReference; lastKnownFileType = sourcecode.c.h; path = AppDelegate.h; sourceTree = "<group>"; };
		C95250E41D9C00BE00B406F0 /* AppDelegate.m */ = {isa = PBXFileReference; lastKnownFileType = sourcecode.c.objc; path = AppDelegate.m; sourceTree = "<group>"; };
		C95250E61D9C00BE00B406F0 /* ViewController.h */ = {isa = PBXFileReference; lastKnownFileType = sourcecode.c.h; path = ViewController.h; sourceTree = "<group>"; };
		C95250E71D9C00BE00B406F0 /* ViewController.m */ = {isa = PBXFileReference; lastKnownFileType = sourcecode.c.objc; path = ViewController.m; sourceTree = "<group>"; };
		C95250EA1D9C00BE00B406F0 /* Base */ = {isa = PBXFileReference; lastKnownFileType = file.storyboard; name = Base; path = Base.lproj/Main.storyboard; sourceTree = "<group>"; };
		C95250EC1D9C00BE00B406F0 /* Assets.xcassets */ = {isa = PBXFileReference; lastKnownFileType = folder.assetcatalog; path = Assets.xcassets; sourceTree = "<group>"; };
		C95250EF1D9C00BE00B406F0 /* Base */ = {isa = PBXFileReference; lastKnownFileType = file.storyboard; name = Base; path = Base.lproj/LaunchScreen.storyboard; sourceTree = "<group>"; };
		C95250F11D9C00BE00B406F0 /* Info.plist */ = {isa = PBXFileReference; lastKnownFileType = text.plist.xml; path = Info.plist; sourceTree = "<group>"; };
		C95250F61D9C00BE00B406F0 /* ZYTagViewDemoTests.xctest */ = {isa = PBXFileReference; explicitFileType = wrapper.cfbundle; includeInIndex = 0; path = ZYTagViewDemoTests.xctest; sourceTree = BUILT_PRODUCTS_DIR; };
		C95250FA1D9C00BE00B406F0 /* ZYTagViewDemoTests.m */ = {isa = PBXFileReference; lastKnownFileType = sourcecode.c.objc; path = ZYTagViewDemoTests.m; sourceTree = "<group>"; };
		C95250FC1D9C00BE00B406F0 /* Info.plist */ = {isa = PBXFileReference; lastKnownFileType = text.plist.xml; path = Info.plist; sourceTree = "<group>"; };
		C95251011D9C00BE00B406F0 /* ZYTagViewDemoUITests.xctest */ = {isa = PBXFileReference; explicitFileType = wrapper.cfbundle; includeInIndex = 0; path = ZYTagViewDemoUITests.xctest; sourceTree = BUILT_PRODUCTS_DIR; };
		C95251051D9C00BE00B406F0 /* ZYTagViewDemoUITests.m */ = {isa = PBXFileReference; lastKnownFileType = sourcecode.c.objc; path = ZYTagViewDemoUITests.m; sourceTree = "<group>"; };
		C95251071D9C00BE00B406F0 /* Info.plist */ = {isa = PBXFileReference; lastKnownFileType = text.plist.xml; path = Info.plist; sourceTree = "<group>"; };
		C95251141D9C014900B406F0 /* UIImageView+Tag.h */ = {isa = PBXFileReference; fileEncoding = 4; lastKnownFileType = sourcecode.c.h; path = "UIImageView+Tag.h"; sourceTree = "<group>"; };
		C95251151D9C014900B406F0 /* UIImageView+Tag.m */ = {isa = PBXFileReference; fileEncoding = 4; lastKnownFileType = sourcecode.c.objc; path = "UIImageView+Tag.m"; sourceTree = "<group>"; };
		C95251161D9C014900B406F0 /* ZYTagInfo.h */ = {isa = PBXFileReference; fileEncoding = 4; lastKnownFileType = sourcecode.c.h; path = ZYTagInfo.h; sourceTree = "<group>"; };
		C95251171D9C014900B406F0 /* ZYTagInfo.m */ = {isa = PBXFileReference; fileEncoding = 4; lastKnownFileType = sourcecode.c.objc; path = ZYTagInfo.m; sourceTree = "<group>"; };
		C95251181D9C014900B406F0 /* ZYTagView.h */ = {isa = PBXFileReference; fileEncoding = 4; lastKnownFileType = sourcecode.c.h; path = ZYTagView.h; sourceTree = "<group>"; };
		C95251191D9C014900B406F0 /* ZYTagView.m */ = {isa = PBXFileReference; fileEncoding = 4; lastKnownFileType = sourcecode.c.objc; path = ZYTagView.m; sourceTree = "<group>"; };
		C952511D1D9C01EC00B406F0 /* X@2x.png */ = {isa = PBXFileReference; lastKnownFileType = image.png; path = "X@2x.png"; sourceTree = "<group>"; };
		C952511E1D9C01EC00B406F0 /* X@3x.png */ = {isa = PBXFileReference; lastKnownFileType = image.png; path = "X@3x.png"; sourceTree = "<group>"; };
		C95251211D9C021100B406F0 /* UIView+zy_Frame.h */ = {isa = PBXFileReference; fileEncoding = 4; lastKnownFileType = sourcecode.c.h; path = "UIView+zy_Frame.h"; sourceTree = "<group>"; };
		C95251221D9C021100B406F0 /* UIView+zy_Frame.m */ = {isa = PBXFileReference; fileEncoding = 4; lastKnownFileType = sourcecode.c.objc; path = "UIView+zy_Frame.m"; sourceTree = "<group>"; };
		C98727771DA121E20071B1C7 /* fan.png */ = {isa = PBXFileReference; lastKnownFileType = image.png; path = fan.png; sourceTree = "<group>"; };
/* End PBXFileReference section */

/* Begin PBXFrameworksBuildPhase section */
		C95250DA1D9C00BE00B406F0 /* Frameworks */ = {
			isa = PBXFrameworksBuildPhase;
			buildActionMask = 2147483647;
			files = (
			);
			runOnlyForDeploymentPostprocessing = 0;
		};
		C95250F31D9C00BE00B406F0 /* Frameworks */ = {
			isa = PBXFrameworksBuildPhase;
			buildActionMask = 2147483647;
			files = (
			);
			runOnlyForDeploymentPostprocessing = 0;
		};
		C95250FE1D9C00BE00B406F0 /* Frameworks */ = {
			isa = PBXFrameworksBuildPhase;
			buildActionMask = 2147483647;
			files = (
			);
			runOnlyForDeploymentPostprocessing = 0;
		};
/* End PBXFrameworksBuildPhase section */

/* Begin PBXGroup section */
		C95250D41D9C00BE00B406F0 = {
			isa = PBXGroup;
			children = (
				C95251131D9C012600B406F0 /* ZYTagView */,
				C95250DF1D9C00BE00B406F0 /* ZYTagViewDemo */,
				C95250F91D9C00BE00B406F0 /* ZYTagViewDemoTests */,
				C95251041D9C00BE00B406F0 /* ZYTagViewDemoUITests */,
				C95250DE1D9C00BE00B406F0 /* Products */,
			);
			sourceTree = "<group>";
		};
		C95250DE1D9C00BE00B406F0 /* Products */ = {
			isa = PBXGroup;
			children = (
				C95250DD1D9C00BE00B406F0 /* ZYTagViewDemo.app */,
				C95250F61D9C00BE00B406F0 /* ZYTagViewDemoTests.xctest */,
				C95251011D9C00BE00B406F0 /* ZYTagViewDemoUITests.xctest */,
			);
			name = Products;
			sourceTree = "<group>";
		};
		C95250DF1D9C00BE00B406F0 /* ZYTagViewDemo */ = {
			isa = PBXGroup;
			children = (
				C98727771DA121E20071B1C7 /* fan.png */,
				C95250E31D9C00BE00B406F0 /* AppDelegate.h */,
				C95250E41D9C00BE00B406F0 /* AppDelegate.m */,
				C95250E61D9C00BE00B406F0 /* ViewController.h */,
				C95250E71D9C00BE00B406F0 /* ViewController.m */,
				C95250E91D9C00BE00B406F0 /* Main.storyboard */,
				C95250EC1D9C00BE00B406F0 /* Assets.xcassets */,
				C95250EE1D9C00BE00B406F0 /* LaunchScreen.storyboard */,
				C95250F11D9C00BE00B406F0 /* Info.plist */,
				C95250E01D9C00BE00B406F0 /* Supporting Files */,
			);
			path = ZYTagViewDemo;
			sourceTree = "<group>";
		};
		C95250E01D9C00BE00B406F0 /* Supporting Files */ = {
			isa = PBXGroup;
			children = (
				C95250E11D9C00BE00B406F0 /* main.m */,
			);
			name = "Supporting Files";
			sourceTree = "<group>";
		};
		C95250F91D9C00BE00B406F0 /* ZYTagViewDemoTests */ = {
			isa = PBXGroup;
			children = (
				C95250FA1D9C00BE00B406F0 /* ZYTagViewDemoTests.m */,
				C95250FC1D9C00BE00B406F0 /* Info.plist */,
			);
			path = ZYTagViewDemoTests;
			sourceTree = "<group>";
		};
		C95251041D9C00BE00B406F0 /* ZYTagViewDemoUITests */ = {
			isa = PBXGroup;
			children = (
				C95251051D9C00BE00B406F0 /* ZYTagViewDemoUITests.m */,
				C95251071D9C00BE00B406F0 /* Info.plist */,
			);
			path = ZYTagViewDemoUITests;
			sourceTree = "<group>";
		};
		C95251131D9C012600B406F0 /* ZYTagView */ = {
			isa = PBXGroup;
			children = (
				C952511D1D9C01EC00B406F0 /* X@2x.png */,
				C952511E1D9C01EC00B406F0 /* X@3x.png */,
				C95251141D9C014900B406F0 /* UIImageView+Tag.h */,
				C95251151D9C014900B406F0 /* UIImageView+Tag.m */,
				C95251181D9C014900B406F0 /* ZYTagView.h */,
				C95251191D9C014900B406F0 /* ZYTagView.m */,
				C95251161D9C014900B406F0 /* ZYTagInfo.h */,
				C95251171D9C014900B406F0 /* ZYTagInfo.m */,
				C95251211D9C021100B406F0 /* UIView+zy_Frame.h */,
				C95251221D9C021100B406F0 /* UIView+zy_Frame.m */,
			);
			path = ZYTagView;
			sourceTree = "<group>";
		};
/* End PBXGroup section */

/* Begin PBXNativeTarget section */
		C95250DC1D9C00BE00B406F0 /* ZYTagViewDemo */ = {
			isa = PBXNativeTarget;
			buildConfigurationList = C952510A1D9C00BE00B406F0 /* Build configuration list for PBXNativeTarget "ZYTagViewDemo" */;
			buildPhases = (
				C95250D91D9C00BE00B406F0 /* Sources */,
				C95250DA1D9C00BE00B406F0 /* Frameworks */,
				C95250DB1D9C00BE00B406F0 /* Resources */,
			);
			buildRules = (
			);
			dependencies = (
			);
			name = ZYTagViewDemo;
			productName = ZYTagViewDemo;
			productReference = C95250DD1D9C00BE00B406F0 /* ZYTagViewDemo.app */;
			productType = "com.apple.product-type.application";
		};
		C95250F51D9C00BE00B406F0 /* ZYTagViewDemoTests */ = {
			isa = PBXNativeTarget;
			buildConfigurationList = C952510D1D9C00BE00B406F0 /* Build configuration list for PBXNativeTarget "ZYTagViewDemoTests" */;
			buildPhases = (
				C95250F21D9C00BE00B406F0 /* Sources */,
				C95250F31D9C00BE00B406F0 /* Frameworks */,
				C95250F41D9C00BE00B406F0 /* Resources */,
			);
			buildRules = (
			);
			dependencies = (
				C95250F81D9C00BE00B406F0 /* PBXTargetDependency */,
			);
			name = ZYTagViewDemoTests;
			productName = ZYTagViewDemoTests;
			productReference = C95250F61D9C00BE00B406F0 /* ZYTagViewDemoTests.xctest */;
			productType = "com.apple.product-type.bundle.unit-test";
		};
		C95251001D9C00BE00B406F0 /* ZYTagViewDemoUITests */ = {
			isa = PBXNativeTarget;
			buildConfigurationList = C95251101D9C00BE00B406F0 /* Build configuration list for PBXNativeTarget "ZYTagViewDemoUITests" */;
			buildPhases = (
				C95250FD1D9C00BE00B406F0 /* Sources */,
				C95250FE1D9C00BE00B406F0 /* Frameworks */,
				C95250FF1D9C00BE00B406F0 /* Resources */,
			);
			buildRules = (
			);
			dependencies = (
				C95251031D9C00BE00B406F0 /* PBXTargetDependency */,
			);
			name = ZYTagViewDemoUITests;
			productName = ZYTagViewDemoUITests;
			productReference = C95251011D9C00BE00B406F0 /* ZYTagViewDemoUITests.xctest */;
			productType = "com.apple.product-type.bundle.ui-testing";
		};
/* End PBXNativeTarget section */

/* Begin PBXProject section */
		C95250D51D9C00BE00B406F0 /* Project object */ = {
			isa = PBXProject;
			attributes = {
				LastUpgradeCheck = 0800;
				ORGANIZATIONNAME = ripper;
				TargetAttributes = {
					C95250DC1D9C00BE00B406F0 = {
						CreatedOnToolsVersion = 8.0;
						ProvisioningStyle = Automatic;
					};
					C95250F51D9C00BE00B406F0 = {
						CreatedOnToolsVersion = 8.0;
						ProvisioningStyle = Automatic;
						TestTargetID = C95250DC1D9C00BE00B406F0;
					};
					C95251001D9C00BE00B406F0 = {
						CreatedOnToolsVersion = 8.0;
						ProvisioningStyle = Automatic;
						TestTargetID = C95250DC1D9C00BE00B406F0;
					};
				};
			};
			buildConfigurationList = C95250D81D9C00BE00B406F0 /* Build configuration list for PBXProject "ZYTagViewDemo" */;
			compatibilityVersion = "Xcode 3.2";
			developmentRegion = English;
			hasScannedForEncodings = 0;
			knownRegions = (
				en,
				Base,
			);
			mainGroup = C95250D41D9C00BE00B406F0;
			productRefGroup = C95250DE1D9C00BE00B406F0 /* Products */;
			projectDirPath = "";
			projectRoot = "";
			targets = (
				C95250DC1D9C00BE00B406F0 /* ZYTagViewDemo */,
				C95250F51D9C00BE00B406F0 /* ZYTagViewDemoTests */,
				C95251001D9C00BE00B406F0 /* ZYTagViewDemoUITests */,
			);
		};
/* End PBXProject section */

/* Begin PBXResourcesBuildPhase section */
		C95250DB1D9C00BE00B406F0 /* Resources */ = {
			isa = PBXResourcesBuildPhase;
			buildActionMask = 2147483647;
			files = (
				C95250F01D9C00BE00B406F0 /* LaunchScreen.storyboard in Resources */,
				C952511F1D9C01EC00B406F0 /* X@2x.png in Resources */,
				C98727781DA121E20071B1C7 /* fan.png in Resources */,
				C95251201D9C01EC00B406F0 /* X@3x.png in Resources */,
				C95250ED1D9C00BE00B406F0 /* Assets.xcassets in Resources */,
				C95250EB1D9C00BE00B406F0 /* Main.storyboard in Resources */,
			);
			runOnlyForDeploymentPostprocessing = 0;
		};
		C95250F41D9C00BE00B406F0 /* Resources */ = {
			isa = PBXResourcesBuildPhase;
			buildActionMask = 2147483647;
			files = (
			);
			runOnlyForDeploymentPostprocessing = 0;
		};
		C95250FF1D9C00BE00B406F0 /* Resources */ = {
			isa = PBXResourcesBuildPhase;
			buildActionMask = 2147483647;
			files = (
			);
			runOnlyForDeploymentPostprocessing = 0;
		};
/* End PBXResourcesBuildPhase section */

/* Begin PBXSourcesBuildPhase section */
		C95250D91D9C00BE00B406F0 /* Sources */ = {
			isa = PBXSourcesBuildPhase;
			buildActionMask = 2147483647;
			files = (
				C952511C1D9C014900B406F0 /* ZYTagView.m in Sources */,
				C95251231D9C021100B406F0 /* UIView+zy_Frame.m in Sources */,
				C952511B1D9C014900B406F0 /* ZYTagInfo.m in Sources */,
				C95250E81D9C00BE00B406F0 /* ViewController.m in Sources */,
				C95250E51D9C00BE00B406F0 /* AppDelegate.m in Sources */,
				C95250E21D9C00BE00B406F0 /* main.m in Sources */,
				C952511A1D9C014900B406F0 /* UIImageView+Tag.m in Sources */,
			);
			runOnlyForDeploymentPostprocessing = 0;
		};
		C95250F21D9C00BE00B406F0 /* Sources */ = {
			isa = PBXSourcesBuildPhase;
			buildActionMask = 2147483647;
			files = (
				C95250FB1D9C00BE00B406F0 /* ZYTagViewDemoTests.m in Sources */,
			);
			runOnlyForDeploymentPostprocessing = 0;
		};
		C95250FD1D9C00BE00B406F0 /* Sources */ = {
			isa = PBXSourcesBuildPhase;
			buildActionMask = 2147483647;
			files = (
				C95251061D9C00BE00B406F0 /* ZYTagViewDemoUITests.m in Sources */,
			);
			runOnlyForDeploymentPostprocessing = 0;
		};
/* End PBXSourcesBuildPhase section */

/* Begin PBXTargetDependency section */
		C95250F81D9C00BE00B406F0 /* PBXTargetDependency */ = {
			isa = PBXTargetDependency;
			target = C95250DC1D9C00BE00B406F0 /* ZYTagViewDemo */;
			targetProxy = C95250F71D9C00BE00B406F0 /* PBXContainerItemProxy */;
		};
		C95251031D9C00BE00B406F0 /* PBXTargetDependency */ = {
			isa = PBXTargetDependency;
			target = C95250DC1D9C00BE00B406F0 /* ZYTagViewDemo */;
			targetProxy = C95251021D9C00BE00B406F0 /* PBXContainerItemProxy */;
		};
/* End PBXTargetDependency section */

/* Begin PBXVariantGroup section */
		C95250E91D9C00BE00B406F0 /* Main.storyboard */ = {
			isa = PBXVariantGroup;
			children = (
				C95250EA1D9C00BE00B406F0 /* Base */,
			);
			name = Main.storyboard;
			sourceTree = "<group>";
		};
		C95250EE1D9C00BE00B406F0 /* LaunchScreen.storyboard */ = {
			isa = PBXVariantGroup;
			children = (
				C95250EF1D9C00BE00B406F0 /* Base */,
			);
			name = LaunchScreen.storyboard;
			sourceTree = "<group>";
		};
/* End PBXVariantGroup section */

/* Begin XCBuildConfiguration section */
		C95251081D9C00BE00B406F0 /* Debug */ = {
			isa = XCBuildConfiguration;
			buildSettings = {
				ALWAYS_SEARCH_USER_PATHS = NO;
				CLANG_ANALYZER_NONNULL = YES;
				CLANG_CXX_LANGUAGE_STANDARD = "gnu++0x";
				CLANG_CXX_LIBRARY = "libc++";
				CLANG_ENABLE_MODULES = YES;
				CLANG_ENABLE_OBJC_ARC = YES;
				CLANG_WARN_BOOL_CONVERSION = YES;
				CLANG_WARN_CONSTANT_CONVERSION = YES;
				CLANG_WARN_DIRECT_OBJC_ISA_USAGE = YES_ERROR;
				CLANG_WARN_DOCUMENTATION_COMMENTS = YES;
				CLANG_WARN_EMPTY_BODY = YES;
				CLANG_WARN_ENUM_CONVERSION = YES;
				CLANG_WARN_INFINITE_RECURSION = YES;
				CLANG_WARN_INT_CONVERSION = YES;
				CLANG_WARN_OBJC_ROOT_CLASS = YES_ERROR;
				CLANG_WARN_SUSPICIOUS_MOVES = YES;
				CLANG_WARN_UNREACHABLE_CODE = YES;
				CLANG_WARN__DUPLICATE_METHOD_MATCH = YES;
				"CODE_SIGN_IDENTITY[sdk=iphoneos*]" = "iPhone Developer";
				COPY_PHASE_STRIP = NO;
				DEBUG_INFORMATION_FORMAT = dwarf;
				ENABLE_STRICT_OBJC_MSGSEND = YES;
				ENABLE_TESTABILITY = YES;
				GCC_C_LANGUAGE_STANDARD = gnu99;
				GCC_DYNAMIC_NO_PIC = NO;
				GCC_NO_COMMON_BLOCKS = YES;
				GCC_OPTIMIZATION_LEVEL = 0;
				GCC_PREPROCESSOR_DEFINITIONS = (
					"DEBUG=1",
					"$(inherited)",
				);
				GCC_WARN_64_TO_32_BIT_CONVERSION = YES;
				GCC_WARN_ABOUT_RETURN_TYPE = YES_ERROR;
				GCC_WARN_UNDECLARED_SELECTOR = YES;
				GCC_WARN_UNINITIALIZED_AUTOS = YES_AGGRESSIVE;
				GCC_WARN_UNUSED_FUNCTION = YES;
				GCC_WARN_UNUSED_VARIABLE = YES;
				IPHONEOS_DEPLOYMENT_TARGET = 10.0;
				MTL_ENABLE_DEBUG_INFO = YES;
				ONLY_ACTIVE_ARCH = YES;
				SDKROOT = iphoneos;
				TARGETED_DEVICE_FAMILY = "1,2";
			};
			name = Debug;
		};
		C95251091D9C00BE00B406F0 /* Release */ = {
			isa = XCBuildConfiguration;
			buildSettings = {
				ALWAYS_SEARCH_USER_PATHS = NO;
				CLANG_ANALYZER_NONNULL = YES;
				CLANG_CXX_LANGUAGE_STANDARD = "gnu++0x";
				CLANG_CXX_LIBRARY = "libc++";
				CLANG_ENABLE_MODULES = YES;
				CLANG_ENABLE_OBJC_ARC = YES;
				CLANG_WARN_BOOL_CONVERSION = YES;
				CLANG_WARN_CONSTANT_CONVERSION = YES;
				CLANG_WARN_DIRECT_OBJC_ISA_USAGE = YES_ERROR;
				CLANG_WARN_DOCUMENTATION_COMMENTS = YES;
				CLANG_WARN_EMPTY_BODY = YES;
				CLANG_WARN_ENUM_CONVERSION = YES;
				CLANG_WARN_INFINITE_RECURSION = YES;
				CLANG_WARN_INT_CONVERSION = YES;
				CLANG_WARN_OBJC_ROOT_CLASS = YES_ERROR;
				CLANG_WARN_SUSPICIOUS_MOVES = YES;
				CLANG_WARN_UNREACHABLE_CODE = YES;
				CLANG_WARN__DUPLICATE_METHOD_MATCH = YES;
				"CODE_SIGN_IDENTITY[sdk=iphoneos*]" = "iPhone Developer";
				COPY_PHASE_STRIP = NO;
				DEBUG_INFORMATION_FORMAT = "dwarf-with-dsym";
				ENABLE_NS_ASSERTIONS = NO;
				ENABLE_STRICT_OBJC_MSGSEND = YES;
				GCC_C_LANGUAGE_STANDARD = gnu99;
				GCC_NO_COMMON_BLOCKS = YES;
				GCC_WARN_64_TO_32_BIT_CONVERSION = YES;
				GCC_WARN_ABOUT_RETURN_TYPE = YES_ERROR;
				GCC_WARN_UNDECLARED_SELECTOR = YES;
				GCC_WARN_UNINITIALIZED_AUTOS = YES_AGGRESSIVE;
				GCC_WARN_UNUSED_FUNCTION = YES;
				GCC_WARN_UNUSED_VARIABLE = YES;
				IPHONEOS_DEPLOYMENT_TARGET = 10.0;
				MTL_ENABLE_DEBUG_INFO = NO;
				SDKROOT = iphoneos;
				TARGETED_DEVICE_FAMILY = "1,2";
				VALIDATE_PRODUCT = YES;
			};
			name = Release;
		};
		C952510B1D9C00BE00B406F0 /* Debug */ = {
			isa = XCBuildConfiguration;
			buildSettings = {
				ASSETCATALOG_COMPILER_APPICON_NAME = AppIcon;
				INFOPLIST_FILE = ZYTagViewDemo/Info.plist;
				LD_RUNPATH_SEARCH_PATHS = "$(inherited) @executable_path/Frameworks";
				PRODUCT_BUNDLE_IDENTIFIER = com.ripper.ZYTagViewDemo;
				PRODUCT_NAME = "$(TARGET_NAME)";
			};
			name = Debug;
		};
		C952510C1D9C00BE00B406F0 /* Release */ = {
			isa = XCBuildConfiguration;
			buildSettings = {
				ASSETCATALOG_COMPILER_APPICON_NAME = AppIcon;
				INFOPLIST_FILE = ZYTagViewDemo/Info.plist;
				LD_RUNPATH_SEARCH_PATHS = "$(inherited) @executable_path/Frameworks";
				PRODUCT_BUNDLE_IDENTIFIER = com.ripper.ZYTagViewDemo;
				PRODUCT_NAME = "$(TARGET_NAME)";
			};
			name = Release;
		};
		C952510E1D9C00BE00B406F0 /* Debug */ = {
			isa = XCBuildConfiguration;
			buildSettings = {
				BUNDLE_LOADER = "$(TEST_HOST)";
				INFOPLIST_FILE = ZYTagViewDemoTests/Info.plist;
				LD_RUNPATH_SEARCH_PATHS = "$(inherited) @executable_path/Frameworks @loader_path/Frameworks";
				PRODUCT_BUNDLE_IDENTIFIER = com.ripper.ZYTagViewDemoTests;
				PRODUCT_NAME = "$(TARGET_NAME)";
				TEST_HOST = "$(BUILT_PRODUCTS_DIR)/ZYTagViewDemo.app/ZYTagViewDemo";
			};
			name = Debug;
		};
		C952510F1D9C00BE00B406F0 /* Release */ = {
			isa = XCBuildConfiguration;
			buildSettings = {
				BUNDLE_LOADER = "$(TEST_HOST)";
				INFOPLIST_FILE = ZYTagViewDemoTests/Info.plist;
				LD_RUNPATH_SEARCH_PATHS = "$(inherited) @executable_path/Frameworks @loader_path/Frameworks";
				PRODUCT_BUNDLE_IDENTIFIER = com.ripper.ZYTagViewDemoTests;
				PRODUCT_NAME = "$(TARGET_NAME)";
				TEST_HOST = "$(BUILT_PRODUCTS_DIR)/ZYTagViewDemo.app/ZYTagViewDemo";
			};
			name = Release;
		};
		C95251111D9C00BE00B406F0 /* Debug */ = {
			isa = XCBuildConfiguration;
			buildSettings = {
				INFOPLIST_FILE = ZYTagViewDemoUITests/Info.plist;
				LD_RUNPATH_SEARCH_PATHS = "$(inherited) @executable_path/Frameworks @loader_path/Frameworks";
				PRODUCT_BUNDLE_IDENTIFIER = com.ripper.ZYTagViewDemoUITests;
				PRODUCT_NAME = "$(TARGET_NAME)";
				TEST_TARGET_NAME = ZYTagViewDemo;
			};
			name = Debug;
		};
		C95251121D9C00BE00B406F0 /* Release */ = {
			isa = XCBuildConfiguration;
			buildSettings = {
				INFOPLIST_FILE = ZYTagViewDemoUITests/Info.plist;
				LD_RUNPATH_SEARCH_PATHS = "$(inherited) @executable_path/Frameworks @loader_path/Frameworks";
				PRODUCT_BUNDLE_IDENTIFIER = com.ripper.ZYTagViewDemoUITests;
				PRODUCT_NAME = "$(TARGET_NAME)";
				TEST_TARGET_NAME = ZYTagViewDemo;
			};
			name = Release;
		};
/* End XCBuildConfiguration section */

/* Begin XCConfigurationList section */
		C95250D81D9C00BE00B406F0 /* Build configuration list for PBXProject "ZYTagViewDemo" */ = {
			isa = XCConfigurationList;
			buildConfigurations = (
				C95251081D9C00BE00B406F0 /* Debug */,
				C95251091D9C00BE00B406F0 /* Release */,
			);
			defaultConfigurationIsVisible = 0;
			defaultConfigurationName = Release;
		};
		C952510A1D9C00BE00B406F0 /* Build configuration list for PBXNativeTarget "ZYTagViewDemo" */ = {
			isa = XCConfigurationList;
			buildConfigurations = (
				C952510B1D9C00BE00B406F0 /* Debug */,
				C952510C1D9C00BE00B406F0 /* Release */,
			);
			defaultConfigurationIsVisible = 0;
			defaultConfigurationName = Release;
		};
		C952510D1D9C00BE00B406F0 /* Build configuration list for PBXNativeTarget "ZYTagViewDemoTests" */ = {
			isa = XCConfigurationList;
			buildConfigurations = (
				C952510E1D9C00BE00B406F0 /* Debug */,
				C952510F1D9C00BE00B406F0 /* Release */,
			);
			defaultConfigurationIsVisible = 0;
			defaultConfigurationName = Release;
		};
		C95251101D9C00BE00B406F0 /* Build configuration list for PBXNativeTarget "ZYTagViewDemoUITests" */ = {
			isa = XCConfigurationList;
			buildConfigurations = (
				C95251111D9C00BE00B406F0 /* Debug */,
				C95251121D9C00BE00B406F0 /* Release */,
			);
			defaultConfigurationIsVisible = 0;
			defaultConfigurationName = Release;
		};
/* End XCConfigurationList section */
	};
	rootObject = C95250D51D9C00BE00B406F0 /* Project object */;
}
